
Microsoft Visual Studio Solution File, Format Version 12.00
# Visual Studio Version 17
VisualStudioVersion = 17.8.34330.188
MinimumVisualStudioVersion = 10.0.40219.1
Project("{FAE04EC0-301F-11D3-BF4B-00C04F79EFBC}") = "PP_Extens", "PP_Extens.csproj", "{546F8FAB-4934-44E2-BF14-AB2AA93590F3}"
EndProject
Project("{FAE04EC0-301F-11D3-BF4B-00C04F79EFBC}") = "PP_PPCS", "..\PP_PPCS\PP_PPCS.csproj", "{C29AF62E-E87A-4AAE-8AFB-F9D1D853E2D2}"
EndProject
Project("{FAE04EC0-301F-11D3-BF4B-00C04F79EFBC}") = "PP_Qualidade", "..\PP_Qualidade\PP_Qualidade.csproj", "{C4A5B153-73A1-425F-BF7B-BDA4DDBC3C2B}"
EndProject
Global
	GlobalSection(SolutionConfigurationPlatforms) = preSolution
		Debug|Any CPU = Debug|Any CPU
		Release|Any CPU = Release|Any CPU
	EndGlobalSection
	GlobalSection(ProjectConfigurationPlatforms) = postSolution
		{546F8FAB-4934-44E2-BF14-AB2AA93590F3}.Debug|Any CPU.ActiveCfg = Debug|Any CPU
		{546F8FAB-4934-44E2-BF14-AB2AA93590F3}.Debug|Any CPU.Build.0 = Debug|Any CPU
		{546F8FAB-4934-44E2-BF14-AB2AA93590F3}.Release|Any CPU.ActiveCfg = Release|Any CPU
		{546F8FAB-4934-44E2-BF14-AB2AA93590F3}.Release|Any CPU.Build.0 = Release|Any CPU
		{C29AF62E-E87A-4AAE-8AFB-F9D1D853E2D2}.Debug|Any CPU.ActiveCfg = Debug|Any CPU
		{C29AF62E-E87A-4AAE-8AFB-F9D1D853E2D2}.Debug|Any CPU.Build.0 = Debug|Any CPU
		{C29AF62E-E87A-4AAE-8AFB-F9D1D853E2D2}.Release|Any CPU.ActiveCfg = Release|Any CPU
		{C29AF62E-E87A-4AAE-8AFB-F9D1D853E2D2}.Release|Any CPU.Build.0 = Release|Any CPU
		{C4A5B153-73A1-425F-BF7B-BDA4DDBC3C2B}.Debug|Any CPU.ActiveCfg = Debug|Any CPU
		{C4A5B153-73A1-425F-BF7B-BDA4DDBC3C2B}.Debug|Any CPU.Build.0 = Debug|Any CPU
		{C4A5B153-73A1-425F-BF7B-BDA4DDBC3C2B}.Release|Any CPU.ActiveCfg = Release|Any CPU
		{C4A5B153-73A1-425F-BF7B-BDA4DDBC3C2B}.Release|Any CPU.Build.0 = Release|Any CPU
	EndGlobalSection
	GlobalSection(SolutionProperties) = preSolution
		HideSolutionNode = FALSE
	EndGlobalSection
	GlobalSection(ExtensibilityGlobals) = postSolution
		SolutionGuid = {064E3219-EFFD-4D90-A8C1-063D71222B79}
	EndGlobalSection
EndGlobal
