
Microsoft Visual Studio Solution File, Format Version 12.00
# Visual Studio Version 16
VisualStudioVersion = 16.0.32510.428
MinimumVisualStudioVersion = 10.0.40219.1
Project("{FAE04EC0-301F-11D3-BF4B-00C04F79EFBC}") = "ASSREG_Faturacao_Standalone", "ASSREG_Faturacao_Standalone.csproj", "{CE21A6E3-C66A-4370-BB6B-4D63D54408AB}"
EndProject
Global
	GlobalSection(SolutionConfigurationPlatforms) = preSolution
		Debug|Any CPU = Debug|Any CPU
		Release|Any CPU = Release|Any CPU
	EndGlobalSection
	GlobalSection(ProjectConfigurationPlatforms) = postSolution
		{CE21A6E3-C66A-4370-BB6B-4D63D54408AB}.Debug|Any CPU.ActiveCfg = Debug|Any CPU
		{CE21A6E3-C66A-4370-BB6B-4D63D54408AB}.Debug|Any CPU.Build.0 = Debug|Any CPU
		{CE21A6E3-C66A-4370-BB6B-4D63D54408AB}.Release|Any CPU.ActiveCfg = Release|Any CPU
		{CE21A6E3-C66A-4370-BB6B-4D63D54408AB}.Release|Any CPU.Build.0 = Release|Any CPU
	EndGlobalSection
	GlobalSection(SolutionProperties) = preSolution
		HideSolutionNode = FALSE
	EndGlobalSection
	GlobalSection(ExtensibilityGlobals) = postSolution
		SolutionGuid = {4BA1F97C-F6D7-4A0A-A4CC-F28CB8AB8319}
	EndGlobalSection
EndGlobal
