
Microsoft Visual Studio Solution File, Format Version 12.00
# Visual Studio Version 16
VisualStudioVersion = 16.0.33027.164
MinimumVisualStudioVersion = 10.0.40219.1
Project("{FAE04EC0-301F-11D3-BF4B-00C04F79EFBC}") = "FRUP_AvisoVencimento", "FRUP_AvisoVencimento.csproj", "{55C6BB31-770A-412F-B429-6E11D18B4994}"
EndProject
Global
	GlobalSection(SolutionConfigurationPlatforms) = preSolution
		Debug|Any CPU = Debug|Any CPU
		Release|Any CPU = Release|Any CPU
	EndGlobalSection
	GlobalSection(ProjectConfigurationPlatforms) = postSolution
		{55C6BB31-770A-412F-B429-6E11D18B4994}.Debug|Any CPU.ActiveCfg = Debug|Any CPU
		{55C6BB31-770A-412F-B429-6E11D18B4994}.Debug|Any CPU.Build.0 = Debug|Any CPU
		{55C6BB31-770A-412F-B429-6E11D18B4994}.Release|Any CPU.ActiveCfg = Release|Any CPU
		{55C6BB31-770A-412F-B429-6E11D18B4994}.Release|Any CPU.Build.0 = Release|Any CPU
	EndGlobalSection
	GlobalSection(SolutionProperties) = preSolution
		HideSolutionNode = FALSE
	EndGlobalSection
	GlobalSection(ExtensibilityGlobals) = postSolution
		SolutionGuid = {5C57FF9C-8750-4FB2-832F-1CD3B223FC21}
	EndGlobalSection
EndGlobal
